
Microsoft Visual Studio Solution File, Format Version 11.00
# Visual Studio 2010
Project("{2150E333-8FDC-42A3-9474-1A3956D46DE8}") = ".nuget", ".nuget", "{EA41F6DE-F0DC-49C4-BF0E-0C8E29229C31}"
	ProjectSection(SolutionItems) = preProject
		.nuget\NuGet.exe = .nuget\NuGet.exe
		.nuget\NuGet.targets = .nuget\NuGet.targets
	EndProjectSection
EndProject
Project("{FAE04EC0-301F-11D3-BF4B-00C04F79EFBC}") = "Yahoo.Yui.Compressor", "Code\Yahoo.Yui.Compressor\Yahoo.Yui.Compressor.csproj", "{AFDF50F0-286B-4490-9EBD-007561864738}"
EndProject
Project("{FAE04EC0-301F-11D3-BF4B-00C04F79EFBC}") = "Yahoo.Yui.Compressor.Tests", "Code\Yahoo.Yui.Compressor.Tests\Yahoo.Yui.Compressor.Tests.csproj", "{0EDDD853-D3FD-4118-8210-2F9BBFE887C4}"
EndProject
Project("{2150E333-8FDC-42A3-9474-1A3956D46DE8}") = "Code", "Code", "{258C15F4-B2FC-48C5-BC4E-FF6E8858F530}"
EndProject
Project("{2150E333-8FDC-42A3-9474-1A3956D46DE8}") = "Documentation", "Documentation", "{0F1E147D-EBC6-48EC-9E30-711CAE1A65BE}"
EndProject
Project("{2150E333-8FDC-42A3-9474-1A3956D46DE8}") = "MsBuild Example", "MsBuild Example", "{4296A6B3-1D93-4513-9832-48A0E9F80E9E}"
	ProjectSection(SolutionItems) = preProject
		Documentation\MsBuild Example\jquery-1.2.6-vsdoc.js = Documentation\MsBuild Example\jquery-1.2.6-vsdoc.js
		Documentation\MsBuild Example\jquery-1.3.1.js = Documentation\MsBuild Example\jquery-1.3.1.js
		Documentation\MsBuild Example\jquery-1.3.2.js = Documentation\MsBuild Example\jquery-1.3.2.js
		Documentation\MsBuild Example\MicrosoftAjax.debug.js = Documentation\MsBuild Example\MicrosoftAjax.debug.js
		Documentation\MsBuild Example\MsBuildSample.xml = Documentation\MsBuild Example\MsBuildSample.xml
		Documentation\MsBuild Example\SampleJavaScript1.js = Documentation\MsBuild Example\SampleJavaScript1.js
		Documentation\MsBuild Example\SampleJavaScript2.js = Documentation\MsBuild Example\SampleJavaScript2.js
		Documentation\MsBuild Example\SampleJavaScript3.js = Documentation\MsBuild Example\SampleJavaScript3.js
		Documentation\MsBuild Example\SampleJavaScript4.js = Documentation\MsBuild Example\SampleJavaScript4.js
		Documentation\MsBuild Example\StylesheetSample1.css = Documentation\MsBuild Example\StylesheetSample1.css
		Documentation\MsBuild Example\StylesheetSample2.css = Documentation\MsBuild Example\StylesheetSample2.css
		Documentation\MsBuild Example\StylesheetSample3.css = Documentation\MsBuild Example\StylesheetSample3.css
		Documentation\MsBuild Example\StyleSheetSample4.css = Documentation\MsBuild Example\StyleSheetSample4.css
	EndProjectSection
EndProject
Project("{2150E333-8FDC-42A3-9474-1A3956D46DE8}") = "Post-build Events WebSite Example", "Post-build Events WebSite Example", "{06003410-684F-4CE7-9B8E-7EA61866E336}"
EndProject
Project("{FAE04EC0-301F-11D3-BF4B-00C04F79EFBC}") = "Yahoo.Yui.Compressor.Build.MsBuild", "Code\Yahoo.Yui.Compressor.Build.MsBuild\Yahoo.Yui.Compressor.Build.MsBuild.csproj", "{1A7860DE-18F7-46D0-98B9-F304814DF4B0}"
EndProject
Project("{FAE04EC0-301F-11D3-BF4B-00C04F79EFBC}") = "Yahoo.Yui.Compressor.Build.Nant", "Code\Yahoo.Yui.Compressor.Build.Nant\Yahoo.Yui.Compressor.Build.Nant.csproj", "{B25483E2-C7A9-4BC6-832A-08F2270B5C84}"
EndProject
Project("{2150E333-8FDC-42A3-9474-1A3956D46DE8}") = "Nant Example", "Nant Example", "{76215796-B8E2-4699-9E48-4909A62E4494}"
	ProjectSection(SolutionItems) = preProject
		Documentation\Nant Example\jquery-1.2.6-vsdoc.js = Documentation\Nant Example\jquery-1.2.6-vsdoc.js
		Documentation\Nant Example\jquery-1.3.1.js = Documentation\Nant Example\jquery-1.3.1.js
		Documentation\Nant Example\jquery-1.3.2.js = Documentation\Nant Example\jquery-1.3.2.js
		Documentation\Nant Example\log4net.dll = Documentation\Nant Example\log4net.dll
		Documentation\Nant Example\MicrosoftAjax.debug.js = Documentation\Nant Example\MicrosoftAjax.debug.js
		Documentation\Nant Example\NAnt.Core.dll = Documentation\Nant Example\NAnt.Core.dll
		Documentation\Nant Example\NAnt.DotNetTasks.dll = Documentation\Nant Example\NAnt.DotNetTasks.dll
		Documentation\Nant Example\NAnt.exe = Documentation\Nant Example\NAnt.exe
		Documentation\Nant Example\NAnt.exe.config = Documentation\Nant Example\NAnt.exe.config
		Documentation\Nant Example\NAnt.Win32Tasks.dll = Documentation\Nant Example\NAnt.Win32Tasks.dll
		Documentation\Nant Example\NantExample.build = Documentation\Nant Example\NantExample.build
		Documentation\Nant Example\SampleJavaScript1.js = Documentation\Nant Example\SampleJavaScript1.js
		Documentation\Nant Example\SampleJavaScript2.js = Documentation\Nant Example\SampleJavaScript2.js
		Documentation\Nant Example\SampleJavaScript3.js = Documentation\Nant Example\SampleJavaScript3.js
		Documentation\Nant Example\SampleJavaScript4.js = Documentation\Nant Example\SampleJavaScript4.js
		Documentation\Nant Example\StylesheetSample1.css = Documentation\Nant Example\StylesheetSample1.css
		Documentation\Nant Example\StylesheetSample2.css = Documentation\Nant Example\StylesheetSample2.css
		Documentation\Nant Example\StylesheetSample3.css = Documentation\Nant Example\StylesheetSample3.css
		Documentation\Nant Example\StyleSheetSample4.css = Documentation\Nant Example\StyleSheetSample4.css
	EndProjectSection
EndProject
Project("{FAE04EC0-301F-11D3-BF4B-00C04F79EFBC}") = "SampleWebSite", "Documentation\Post-build Events WebSite Example\SampleWebSite\SampleWebSite.csproj", "{486974FA-5703-485E-A019-C199F6F1ADE4}"
EndProject
Global
	GlobalSection(TestCaseManagementSettings) = postSolution
		CategoryFile = YUICompressor.vsmdi
	EndGlobalSection
	GlobalSection(SolutionConfigurationPlatforms) = preSolution
		Debug|Any CPU = Debug|Any CPU
		Release|Any CPU = Release|Any CPU
	EndGlobalSection
	GlobalSection(ProjectConfigurationPlatforms) = postSolution
		{AFDF50F0-286B-4490-9EBD-007561864738}.Debug|Any CPU.ActiveCfg = Debug|Any CPU
		{AFDF50F0-286B-4490-9EBD-007561864738}.Debug|Any CPU.Build.0 = Debug|Any CPU
		{AFDF50F0-286B-4490-9EBD-007561864738}.Release|Any CPU.ActiveCfg = Release|Any CPU
		{AFDF50F0-286B-4490-9EBD-007561864738}.Release|Any CPU.Build.0 = Release|Any CPU
		{0EDDD853-D3FD-4118-8210-2F9BBFE887C4}.Debug|Any CPU.ActiveCfg = Debug|Any CPU
		{0EDDD853-D3FD-4118-8210-2F9BBFE887C4}.Debug|Any CPU.Build.0 = Debug|Any CPU
		{0EDDD853-D3FD-4118-8210-2F9BBFE887C4}.Release|Any CPU.ActiveCfg = Release|Any CPU
		{0EDDD853-D3FD-4118-8210-2F9BBFE887C4}.Release|Any CPU.Build.0 = Release|Any CPU
		{1A7860DE-18F7-46D0-98B9-F304814DF4B0}.Debug|Any CPU.ActiveCfg = Debug|Any CPU
		{1A7860DE-18F7-46D0-98B9-F304814DF4B0}.Debug|Any CPU.Build.0 = Debug|Any CPU
		{1A7860DE-18F7-46D0-98B9-F304814DF4B0}.Release|Any CPU.ActiveCfg = Release|Any CPU
		{1A7860DE-18F7-46D0-98B9-F304814DF4B0}.Release|Any CPU.Build.0 = Release|Any CPU
		{B25483E2-C7A9-4BC6-832A-08F2270B5C84}.Debug|Any CPU.ActiveCfg = Debug|Any CPU
		{B25483E2-C7A9-4BC6-832A-08F2270B5C84}.Debug|Any CPU.Build.0 = Debug|Any CPU
		{B25483E2-C7A9-4BC6-832A-08F2270B5C84}.Release|Any CPU.ActiveCfg = Release|Any CPU
		{B25483E2-C7A9-4BC6-832A-08F2270B5C84}.Release|Any CPU.Build.0 = Release|Any CPU
		{486974FA-5703-485E-A019-C199F6F1ADE4}.Debug|Any CPU.ActiveCfg = Debug|Any CPU
		{486974FA-5703-485E-A019-C199F6F1ADE4}.Debug|Any CPU.Build.0 = Debug|Any CPU
		{486974FA-5703-485E-A019-C199F6F1ADE4}.Release|Any CPU.ActiveCfg = Release|Any CPU
		{486974FA-5703-485E-A019-C199F6F1ADE4}.Release|Any CPU.Build.0 = Release|Any CPU
	EndGlobalSection
	GlobalSection(SolutionProperties) = preSolution
		HideSolutionNode = FALSE
	EndGlobalSection
	GlobalSection(NestedProjects) = preSolution
		{0EDDD853-D3FD-4118-8210-2F9BBFE887C4} = {258C15F4-B2FC-48C5-BC4E-FF6E8858F530}
		{AFDF50F0-286B-4490-9EBD-007561864738} = {258C15F4-B2FC-48C5-BC4E-FF6E8858F530}
		{1A7860DE-18F7-46D0-98B9-F304814DF4B0} = {258C15F4-B2FC-48C5-BC4E-FF6E8858F530}
		{B25483E2-C7A9-4BC6-832A-08F2270B5C84} = {258C15F4-B2FC-48C5-BC4E-FF6E8858F530}
		{4296A6B3-1D93-4513-9832-48A0E9F80E9E} = {0F1E147D-EBC6-48EC-9E30-711CAE1A65BE}
		{06003410-684F-4CE7-9B8E-7EA61866E336} = {0F1E147D-EBC6-48EC-9E30-711CAE1A65BE}
		{76215796-B8E2-4699-9E48-4909A62E4494} = {0F1E147D-EBC6-48EC-9E30-711CAE1A65BE}
		{486974FA-5703-485E-A019-C199F6F1ADE4} = {06003410-684F-4CE7-9B8E-7EA61866E336}
	EndGlobalSection
EndGlobal
