
Microsoft Visual Studio Solution File, Format Version 11.00
# Visual Studio 2010
Project("{FAE04EC0-301F-11D3-BF4B-00C04F79EFBC}") = "SampleWebSite", "SampleWebSite\SampleWebSite.csproj", "{486974FA-5703-485E-A019-C199F6F1ADE4}"
EndProject
Project("{2150E333-8FDC-42A3-9474-1A3956D46DE8}") = "Build Tasks", "Build Tasks", "{9ECDAEF7-BF5A-4677-AFAD-FA904B06B254}"
	ProjectSection(SolutionItems) = preProject
		SampleWebSite\YUICompress.msbuild = SampleWebSite\YUICompress.msbuild
	EndProjectSection
EndProject
Global
	GlobalSection(SolutionConfigurationPlatforms) = preSolution
		Debug|Any CPU = Debug|Any CPU
		Release|Any CPU = Release|Any CPU
	EndGlobalSection
	GlobalSection(ProjectConfigurationPlatforms) = postSolution
		{486974FA-5703-485E-A019-C199F6F1ADE4}.Debug|Any CPU.ActiveCfg = Debug|Any CPU
		{486974FA-5703-485E-A019-C199F6F1ADE4}.Debug|Any CPU.Build.0 = Debug|Any CPU
		{486974FA-5703-485E-A019-C199F6F1ADE4}.Release|Any CPU.ActiveCfg = Release|Any CPU
		{486974FA-5703-485E-A019-C199F6F1ADE4}.Release|Any CPU.Build.0 = Release|Any CPU
	EndGlobalSection
	GlobalSection(SolutionProperties) = preSolution
		HideSolutionNode = FALSE
	EndGlobalSection
EndGlobal
